
Microsoft Visual Studio Solution File, Format Version 12.00
# Visual Studio Version 17
VisualStudioVersion = 17.13.35806.99
MinimumVisualStudioVersion = 10.0.40219.1
Project("{7CF6DF6D-3B04-46F8-A40B-537D21BCA0B4}") = "ApiDocumentation", "ApiDocumentation\ApiDocumentation.shfbproj", "{0D38B9F6-2433-453B-963F-A73964BF9F5D}"
	ProjectSection(ProjectDependencies) = postProject
		{68C0C866-C447-4FB3-91F9-1E806537E536} = {68C0C866-C447-4FB3-91F9-1E806537E536}
		{899F802A-0585-45D3-B580-F680B527A271} = {899F802A-0585-45D3-B580-F680B527A271}
	EndProjectSection
EndProject
Project("{FAE04EC0-301F-11D3-BF4B-00C04F79EFBC}") = "DocusaurusExportPlugin", "DocusaurusExportPlugin\DocusaurusExportPlugin.csproj", "{68C0C866-C447-4FB3-91F9-1E806537E536}"
EndProject
Project("{FAE04EC0-301F-11D3-BF4B-00C04F79EFBC}") = "DocusaurusPresentationStyle", "DocusaurusPresentationStyle\DocusaurusPresentationStyle.csproj", "{899F802A-0585-45D3-B580-F680B527A271}"
EndProject
Project("{FAE04EC0-301F-11D3-BF4B-00C04F79EFBC}") = "AvaloniaAttributesPlugIn", "AvaloniaAttributesPlugin\AvaloniaAttributesPlugin.csproj", "{2D999AB3-8D83-4432-B7A3-9B0BBECB7A45}"
EndProject
Global
	GlobalSection(SolutionConfigurationPlatforms) = preSolution
		Debug|Any CPU = Debug|Any CPU
		Release|Any CPU = Release|Any CPU
	EndGlobalSection
	GlobalSection(ProjectConfigurationPlatforms) = postSolution
		{0D38B9F6-2433-453B-963F-A73964BF9F5D}.Debug|Any CPU.ActiveCfg = Debug|Any CPU
		{0D38B9F6-2433-453B-963F-A73964BF9F5D}.Debug|Any CPU.Build.0 = Debug|Any CPU
		{0D38B9F6-2433-453B-963F-A73964BF9F5D}.Release|Any CPU.ActiveCfg = Release|Any CPU
		{0D38B9F6-2433-453B-963F-A73964BF9F5D}.Release|Any CPU.Build.0 = Release|Any CPU
		{68C0C866-C447-4FB3-91F9-1E806537E536}.Debug|Any CPU.ActiveCfg = Debug|Any CPU
		{68C0C866-C447-4FB3-91F9-1E806537E536}.Debug|Any CPU.Build.0 = Debug|Any CPU
		{68C0C866-C447-4FB3-91F9-1E806537E536}.Release|Any CPU.ActiveCfg = Release|Any CPU
		{68C0C866-C447-4FB3-91F9-1E806537E536}.Release|Any CPU.Build.0 = Release|Any CPU
		{899F802A-0585-45D3-B580-F680B527A271}.Debug|Any CPU.ActiveCfg = Debug|Any CPU
		{899F802A-0585-45D3-B580-F680B527A271}.Debug|Any CPU.Build.0 = Debug|Any CPU
		{899F802A-0585-45D3-B580-F680B527A271}.Release|Any CPU.ActiveCfg = Release|Any CPU
		{899F802A-0585-45D3-B580-F680B527A271}.Release|Any CPU.Build.0 = Release|Any CPU
		{2D999AB3-8D83-4432-B7A3-9B0BBECB7A45}.Debug|Any CPU.ActiveCfg = Debug|Any CPU
		{2D999AB3-8D83-4432-B7A3-9B0BBECB7A45}.Debug|Any CPU.Build.0 = Debug|Any CPU
		{2D999AB3-8D83-4432-B7A3-9B0BBECB7A45}.Release|Any CPU.ActiveCfg = Release|Any CPU
		{2D999AB3-8D83-4432-B7A3-9B0BBECB7A45}.Release|Any CPU.Build.0 = Release|Any CPU
	EndGlobalSection
	GlobalSection(SolutionProperties) = preSolution
		HideSolutionNode = FALSE
	EndGlobalSection
	GlobalSection(ExtensibilityGlobals) = postSolution
		SolutionGuid = {6F90365B-FE7E-4A6B-89AF-8D4F86F2DF5A}
	EndGlobalSection
EndGlobal
